// !$*UTF8*$!
{
	archiveVersion = 1;
	classes = {
	};
	objectVersion = 50;
	objects = {

/* Begin PBXBuildFile section */
		34C5E53021A560D600542035 /* AppDelegate.swift in Sources */ = {isa = PBXBuildFile; fileRef = 34C5E52F21A560D600542035 /* AppDelegate.swift */; };
		34C5E53221A560D600542035 /* MasterController.swift in Sources */ = {isa = PBXBuildFile; fileRef = 34C5E53121A560D600542035 /* MasterController.swift */; };
		34C5E53521A560D600542035 /* Main.storyboard in Resources */ = {isa = PBXBuildFile; fileRef = 34C5E53321A560D600542035 /* Main.storyboard */; };
		34C5E53821A560D600542035 /* simpleSendData.xcdatamodeld in Sources */ = {isa = PBXBuildFile; fileRef = 34C5E53621A560D600542035 /* simpleSendData.xcdatamodeld */; };
		34C5E53A21A560DA00542035 /* Assets.xcassets in Resources */ = {isa = PBXBuildFile; fileRef = 34C5E53921A560DA00542035 /* Assets.xcassets */; };
		34C5E53D21A560DA00542035 /* LaunchScreen.storyboard in Resources */ = {isa = PBXBuildFile; fileRef = 34C5E53B21A560DA00542035 /* LaunchScreen.storyboard */; };
		34C5E54821A560DB00542035 /* simpleSendDataTests.swift in Sources */ = {isa = PBXBuildFile; fileRef = 34C5E54721A560DB00542035 /* simpleSendDataTests.swift */; };
		34C5E55321A561B600542035 /* BossViewController.swift in Sources */ = {isa = PBXBuildFile; fileRef = 34C5E55221A561B600542035 /* BossViewController.swift */; };
/* End PBXBuildFile section */

/* Begin PBXContainerItemProxy section */
		34C5E54421A560DB00542035 /* PBXContainerItemProxy */ = {
			isa = PBXContainerItemProxy;
			containerPortal = 34C5E52421A560D600542035 /* Project object */;
			proxyType = 1;
			remoteGlobalIDString = 34C5E52B21A560D600542035;
			remoteInfo = simpleSendData;
		};
/* End PBXContainerItemProxy section */

/* Begin PBXFileReference section */
		34C5E52C21A560D600542035 /* simpleSendData.app */ = {isa = PBXFileReference; explicitFileType = wrapper.application; includeInIndex = 0; path = simpleSendData.app; sourceTree = BUILT_PRODUCTS_DIR; };
		34C5E52F21A560D600542035 /* AppDelegate.swift */ = {isa = PBXFileReference; lastKnownFileType = sourcecode.swift; path = AppDelegate.swift; sourceTree = "<group>"; };
		34C5E53121A560D600542035 /* MasterController.swift */ = {isa = PBXFileReference; lastKnownFileType = sourcecode.swift; path = MasterController.swift; sourceTree = "<group>"; };
		34C5E53421A560D600542035 /* Base */ = {isa = PBXFileReference; lastKnownFileType = file.storyboard; name = Base; path = Base.lproj/Main.storyboard; sourceTree = "<group>"; };
		34C5E53721A560D600542035 /* simpleSendData.xcdatamodel */ = {isa = PBXFileReference; lastKnownFileType = wrapper.xcdatamodel; path = simpleSendData.xcdatamodel; sourceTree = "<group>"; };
		34C5E53921A560DA00542035 /* Assets.xcassets */ = {isa = PBXFileReference; lastKnownFileType = folder.assetcatalog; path = Assets.xcassets; sourceTree = "<group>"; };
		34C5E53C21A560DA00542035 /* Base */ = {isa = PBXFileReference; lastKnownFileType = file.storyboard; name = Base; path = Base.lproj/LaunchScreen.storyboard; sourceTree = "<group>"; };
		34C5E53E21A560DA00542035 /* Info.plist */ = {isa = PBXFileReference; lastKnownFileType = text.plist.xml; path = Info.plist; sourceTree = "<group>"; };
		34C5E54321A560DB00542035 /* simpleSendDataTests.xctest */ = {isa = PBXFileReference; explicitFileType = wrapper.cfbundle; includeInIndex = 0; path = simpleSendDataTests.xctest; sourceTree = BUILT_PRODUCTS_DIR; };
		34C5E54721A560DB00542035 /* simpleSendDataTests.swift */ = {isa = PBXFileReference; lastKnownFileType = sourcecode.swift; path = simpleSendDataTests.swift; sourceTree = "<group>"; };
		34C5E54921A560DB00542035 /* Info.plist */ = {isa = PBXFileReference; lastKnownFileType = text.plist.xml; path = Info.plist; sourceTree = "<group>"; };
		34C5E55221A561B600542035 /* BossViewController.swift */ = {isa = PBXFileReference; lastKnownFileType = sourcecode.swift; path = BossViewController.swift; sourceTree = "<group>"; };
/* End PBXFileReference section */

/* Begin PBXFrameworksBuildPhase section */
		34C5E52921A560D600542035 /* Frameworks */ = {
			isa = PBXFrameworksBuildPhase;
			buildActionMask = 2147483647;
			files = (
			);
			runOnlyForDeploymentPostprocessing = 0;
		};
		34C5E54021A560DB00542035 /* Frameworks */ = {
			isa = PBXFrameworksBuildPhase;
			buildActionMask = 2147483647;
			files = (
			);
			runOnlyForDeploymentPostprocessing = 0;
		};
/* End PBXFrameworksBuildPhase section */

/* Begin PBXGroup section */
		34C5E52321A560D600542035 = {
			isa = PBXGroup;
			children = (
				34C5E52E21A560D600542035 /* simpleSendData */,
				34C5E54621A560DB00542035 /* simpleSendDataTests */,
				34C5E52D21A560D600542035 /* Products */,
			);
			sourceTree = "<group>";
		};
		34C5E52D21A560D600542035 /* Products */ = {
			isa = PBXGroup;
			children = (
				34C5E52C21A560D600542035 /* simpleSendData.app */,
				34C5E54321A560DB00542035 /* simpleSendDataTests.xctest */,
			);
			name = Products;
			sourceTree = "<group>";
		};
		34C5E52E21A560D600542035 /* simpleSendData */ = {
			isa = PBXGroup;
			children = (
				34C5E52F21A560D600542035 /* AppDelegate.swift */,
				34C5E53121A560D600542035 /* MasterController.swift */,
				34C5E53321A560D600542035 /* Main.storyboard */,
				34C5E53921A560DA00542035 /* Assets.xcassets */,
				34C5E53B21A560DA00542035 /* LaunchScreen.storyboard */,
				34C5E53E21A560DA00542035 /* Info.plist */,
				34C5E53621A560D600542035 /* simpleSendData.xcdatamodeld */,
				34C5E55221A561B600542035 /* BossViewController.swift */,
			);
			path = simpleSendData;
			sourceTree = "<group>";
		};
		34C5E54621A560DB00542035 /* simpleSendDataTests */ = {
			isa = PBXGroup;
			children = (
				34C5E54721A560DB00542035 /* simpleSendDataTests.swift */,
				34C5E54921A560DB00542035 /* Info.plist */,
			);
			path = simpleSendDataTests;
			sourceTree = "<group>";
		};
/* End PBXGroup section */

/* Begin PBXNativeTarget section */
		34C5E52B21A560D600542035 /* simpleSendData */ = {
			isa = PBXNativeTarget;
			buildConfigurationList = 34C5E54C21A560DB00542035 /* Build configuration list for PBXNativeTarget "simpleSendData" */;
			buildPhases = (
				34C5E52821A560D600542035 /* Sources */,
				34C5E52921A560D600542035 /* Frameworks */,
				34C5E52A21A560D600542035 /* Resources */,
			);
			buildRules = (
			);
			dependencies = (
			);
			name = simpleSendData;
			productName = simpleSendData;
			productReference = 34C5E52C21A560D600542035 /* simpleSendData.app */;
			productType = "com.apple.product-type.application";
		};
		34C5E54221A560DB00542035 /* simpleSendDataTests */ = {
			isa = PBXNativeTarget;
			buildConfigurationList = 34C5E54F21A560DB00542035 /* Build configuration list for PBXNativeTarget "simpleSendDataTests" */;
			buildPhases = (
				34C5E53F21A560DB00542035 /* Sources */,
				34C5E54021A560DB00542035 /* Frameworks */,
				34C5E54121A560DB00542035 /* Resources */,
			);
			buildRules = (
			);
			dependencies = (
				34C5E54521A560DB00542035 /* PBXTargetDependency */,
			);
			name = simpleSendDataTests;
			productName = simpleSendDataTests;
			productReference = 34C5E54321A560DB00542035 /* simpleSendDataTests.xctest */;
			productType = "com.apple.product-type.bundle.unit-test";
		};
/* End PBXNativeTarget section */

/* Begin PBXProject section */
		34C5E52421A560D600542035 /* Project object */ = {
			isa = PBXProject;
			attributes = {
				LastSwiftUpdateCheck = 0940;
				LastUpgradeCheck = 0940;
				ORGANIZATIONNAME = suricat;
				TargetAttributes = {
					34C5E52B21A560D600542035 = {
						CreatedOnToolsVersion = 9.4.1;
					};
					34C5E54221A560DB00542035 = {
						CreatedOnToolsVersion = 9.4.1;
						TestTargetID = 34C5E52B21A560D600542035;
					};
				};
			};
			buildConfigurationList = 34C5E52721A560D600542035 /* Build configuration list for PBXProject "simpleSendData" */;
			compatibilityVersion = "Xcode 9.3";
			developmentRegion = en;
			hasScannedForEncodings = 0;
			knownRegions = (
				en,
				Base,
			);
			mainGroup = 34C5E52321A560D600542035;
			productRefGroup = 34C5E52D21A560D600542035 /* Products */;
			projectDirPath = "";
			projectRoot = "";
			targets = (
				34C5E52B21A560D600542035 /* simpleSendData */,
				34C5E54221A560DB00542035 /* simpleSendDataTests */,
			);
		};
/* End PBXProject section */

/* Begin PBXResourcesBuildPhase section */
		34C5E52A21A560D600542035 /* Resources */ = {
			isa = PBXResourcesBuildPhase;
			buildActionMask = 2147483647;
			files = (
				34C5E53D21A560DA00542035 /* LaunchScreen.storyboard in Resources */,
				34C5E53A21A560DA00542035 /* Assets.xcassets in Resources */,
				34C5E53521A560D600542035 /* Main.storyboard in Resources */,
			);
			runOnlyForDeploymentPostprocessing = 0;
		};
		34C5E54121A560DB00542035 /* Resources */ = {
			isa = PBXResourcesBuildPhase;
			buildActionMask = 2147483647;
			files = (
			);
			runOnlyForDeploymentPostprocessing = 0;
		};
/* End PBXResourcesBuildPhase section */

/* Begin PBXSourcesBuildPhase section */
		34C5E52821A560D600542035 /* Sources */ = {
			isa = PBXSourcesBuildPhase;
			buildActionMask = 2147483647;
			files = (
				34C5E53221A560D600542035 /* MasterController.swift in Sources */,
				34C5E55321A561B600542035 /* BossViewController.swift in Sources */,
				34C5E53021A560D600542035 /* AppDelegate.swift in Sources */,
				34C5E53821A560D600542035 /* simpleSendData.xcdatamodeld in Sources */,
			);
			runOnlyForDeploymentPostprocessing = 0;
		};
		34C5E53F21A560DB00542035 /* Sources */ = {
			isa = PBXSourcesBuildPhase;
			buildActionMask = 2147483647;
			files = (
				34C5E54821A560DB00542035 /* simpleSendDataTests.swift in Sources */,
			);
			runOnlyForDeploymentPostprocessing = 0;
		};
/* End PBXSourcesBuildPhase section */

/* Begin PBXTargetDependency section */
		34C5E54521A560DB00542035 /* PBXTargetDependency */ = {
			isa = PBXTargetDependency;
			target = 34C5E52B21A560D600542035 /* simpleSendData */;
			targetProxy = 34C5E54421A560DB00542035 /* PBXContainerItemProxy */;
		};
/* End PBXTargetDependency section */

/* Begin PBXVariantGroup section */
		34C5E53321A560D600542035 /* Main.storyboard */ = {
			isa = PBXVariantGroup;
			children = (
				34C5E53421A560D600542035 /* Base */,
			);
			name = Main.storyboard;
			sourceTree = "<group>";
		};
		34C5E53B21A560DA00542035 /* LaunchScreen.storyboard */ = {
			isa = PBXVariantGroup;
			children = (
				34C5E53C21A560DA00542035 /* Base */,
			);
			name = LaunchScreen.storyboard;
			sourceTree = "<group>";
		};
/* End PBXVariantGroup section */

/* Begin XCBuildConfiguration section */
		34C5E54A21A560DB00542035 /* Debug */ = {
			isa = XCBuildConfiguration;
			buildSettings = {
				ALWAYS_SEARCH_USER_PATHS = NO;
				CLANG_ANALYZER_NONNULL = YES;
				CLANG_ANALYZER_NUMBER_OBJECT_CONVERSION = YES_AGGRESSIVE;
				CLANG_CXX_LANGUAGE_STANDARD = "gnu++14";
				CLANG_CXX_LIBRARY = "libc++";
				CLANG_ENABLE_MODULES = YES;
				CLANG_ENABLE_OBJC_ARC = YES;
				CLANG_ENABLE_OBJC_WEAK = YES;
				CLANG_WARN_BLOCK_CAPTURE_AUTORELEASING = YES;
				CLANG_WARN_BOOL_CONVERSION = YES;
				CLANG_WARN_COMMA = YES;
				CLANG_WARN_CONSTANT_CONVERSION = YES;
				CLANG_WARN_DEPRECATED_OBJC_IMPLEMENTATIONS = YES;
				CLANG_WARN_DIRECT_OBJC_ISA_USAGE = YES_ERROR;
				CLANG_WARN_DOCUMENTATION_COMMENTS = YES;
				CLANG_WARN_EMPTY_BODY = YES;
				CLANG_WARN_ENUM_CONVERSION = YES;
				CLANG_WARN_INFINITE_RECURSION = YES;
				CLANG_WARN_INT_CONVERSION = YES;
				CLANG_WARN_NON_LITERAL_NULL_CONVERSION = YES;
				CLANG_WARN_OBJC_IMPLICIT_RETAIN_SELF = YES;
				CLANG_WARN_OBJC_LITERAL_CONVERSION = YES;
				CLANG_WARN_OBJC_ROOT_CLASS = YES_ERROR;
				CLANG_WARN_RANGE_LOOP_ANALYSIS = YES;
				CLANG_WARN_STRICT_PROTOTYPES = YES;
				CLANG_WARN_SUSPICIOUS_MOVE = YES;
				CLANG_WARN_UNGUARDED_AVAILABILITY = YES_AGGRESSIVE;
				CLANG_WARN_UNREACHABLE_CODE = YES;
				CLANG_WARN__DUPLICATE_METHOD_MATCH = YES;
				CODE_SIGN_IDENTITY = "iPhone Developer";
				COPY_PHASE_STRIP = NO;
				DEBUG_INFORMATION_FORMAT = dwarf;
				ENABLE_STRICT_OBJC_MSGSEND = YES;
				ENABLE_TESTABILITY = YES;
				GCC_C_LANGUAGE_STANDARD = gnu11;
				GCC_DYNAMIC_NO_PIC = NO;
				GCC_NO_COMMON_BLOCKS = YES;
				GCC_OPTIMIZATION_LEVEL = 0;
				GCC_PREPROCESSOR_DEFINITIONS = (
					"DEBUG=1",
					"$(inherited)",
				);
				GCC_WARN_64_TO_32_BIT_CONVERSION = YES;
				GCC_WARN_ABOUT_RETURN_TYPE = YES_ERROR;
				GCC_WARN_UNDECLARED_SELECTOR = YES;
				GCC_WARN_UNINITIALIZED_AUTOS = YES_AGGRESSIVE;
				GCC_WARN_UNUSED_FUNCTION = YES;
				GCC_WARN_UNUSED_VARIABLE = YES;
				IPHONEOS_DEPLOYMENT_TARGET = 11.4;
				MTL_ENABLE_DEBUG_INFO = YES;
				ONLY_ACTIVE_ARCH = YES;
				SDKROOT = iphoneos;
				SWIFT_ACTIVE_COMPILATION_CONDITIONS = DEBUG;
				SWIFT_OPTIMIZATION_LEVEL = "-Onone";
			};
			name = Debug;
		};
		34C5E54B21A560DB00542035 /* Release */ = {
			isa = XCBuildConfiguration;
			buildSettings = {
				ALWAYS_SEARCH_USER_PATHS = NO;
				CLANG_ANALYZER_NONNULL = YES;
				CLANG_ANALYZER_NUMBER_OBJECT_CONVERSION = YES_AGGRESSIVE;
				CLANG_CXX_LANGUAGE_STANDARD = "gnu++14";
				CLANG_CXX_LIBRARY = "libc++";
				CLANG_ENABLE_MODULES = YES;
				CLANG_ENABLE_OBJC_ARC = YES;
				CLANG_ENABLE_OBJC_WEAK = YES;
				CLANG_WARN_BLOCK_CAPTURE_AUTORELEASING = YES;
				CLANG_WARN_BOOL_CONVERSION = YES;
				CLANG_WARN_COMMA = YES;
				CLANG_WARN_CONSTANT_CONVERSION = YES;
				CLANG_WARN_DEPRECATED_OBJC_IMPLEMENTATIONS = YES;
				CLANG_WARN_DIRECT_OBJC_ISA_USAGE = YES_ERROR;
				CLANG_WARN_DOCUMENTATION_COMMENTS = YES;
				CLANG_WARN_EMPTY_BODY = YES;
				CLANG_WARN_ENUM_CONVERSION = YES;
				CLANG_WARN_INFINITE_RECURSION = YES;
				CLANG_WARN_INT_CONVERSION = YES;
				CLANG_WARN_NON_LITERAL_NULL_CONVERSION = YES;
				CLANG_WARN_OBJC_IMPLICIT_RETAIN_SELF = YES;
				CLANG_WARN_OBJC_LITERAL_CONVERSION = YES;
				CLANG_WARN_OBJC_ROOT_CLASS = YES_ERROR;
				CLANG_WARN_RANGE_LOOP_ANALYSIS = YES;
				CLANG_WARN_STRICT_PROTOTYPES = YES;
				CLANG_WARN_SUSPICIOUS_MOVE = YES;
				CLANG_WARN_UNGUARDED_AVAILABILITY = YES_AGGRESSIVE;
				CLANG_WARN_UNREACHABLE_CODE = YES;
				CLANG_WARN__DUPLICATE_METHOD_MATCH = YES;
				CODE_SIGN_IDENTITY = "iPhone Developer";
				COPY_PHASE_STRIP = NO;
				DEBUG_INFORMATION_FORMAT = "dwarf-with-dsym";
				ENABLE_NS_ASSERTIONS = NO;
				ENABLE_STRICT_OBJC_MSGSEND = YES;
				GCC_C_LANGUAGE_STANDARD = gnu11;
				GCC_NO_COMMON_BLOCKS = YES;
				GCC_WARN_64_TO_32_BIT_CONVERSION = YES;
				GCC_WARN_ABOUT_RETURN_TYPE = YES_ERROR;
				GCC_WARN_UNDECLARED_SELECTOR = YES;
				GCC_WARN_UNINITIALIZED_AUTOS = YES_AGGRESSIVE;
				GCC_WARN_UNUSED_FUNCTION = YES;
				GCC_WARN_UNUSED_VARIABLE = YES;
				IPHONEOS_DEPLOYMENT_TARGET = 11.4;
				MTL_ENABLE_DEBUG_INFO = NO;
				SDKROOT = iphoneos;
				SWIFT_COMPILATION_MODE = wholemodule;
				SWIFT_OPTIMIZATION_LEVEL = "-O";
				VALIDATE_PRODUCT = YES;
			};
			name = Release;
		};
		34C5E54D21A560DB00542035 /* Debug */ = {
			isa = XCBuildConfiguration;
			buildSettings = {
				ASSETCATALOG_COMPILER_APPICON_NAME = AppIcon;
				CODE_SIGN_STYLE = Automatic;
				INFOPLIST_FILE = simpleSendData/Info.plist;
				LD_RUNPATH_SEARCH_PATHS = (
					"$(inherited)",
					"@executable_path/Frameworks",
				);
				PRODUCT_BUNDLE_IDENTIFIER = com.example.simpleSendData;
				PRODUCT_NAME = "$(TARGET_NAME)";
				SWIFT_VERSION = 4.0;
				TARGETED_DEVICE_FAMILY = "1,2";
			};
			name = Debug;
		};
		34C5E54E21A560DB00542035 /* Release */ = {
			isa = XCBuildConfiguration;
			buildSettings = {
				ASSETCATALOG_COMPILER_APPICON_NAME = AppIcon;
				CODE_SIGN_STYLE = Automatic;
				INFOPLIST_FILE = simpleSendData/Info.plist;
				LD_RUNPATH_SEARCH_PATHS = (
					"$(inherited)",
					"@executable_path/Frameworks",
				);
				PRODUCT_BUNDLE_IDENTIFIER = com.example.simpleSendData;
				PRODUCT_NAME = "$(TARGET_NAME)";
				SWIFT_VERSION = 4.0;
				TARGETED_DEVICE_FAMILY = "1,2";
			};
			name = Release;
		};
		34C5E55021A560DB00542035 /* Debug */ = {
			isa = XCBuildConfiguration;
			buildSettings = {
				ALWAYS_EMBED_SWIFT_STANDARD_LIBRARIES = YES;
				BUNDLE_LOADER = "$(TEST_HOST)";
				CODE_SIGN_STYLE = Automatic;
				INFOPLIST_FILE = simpleSendDataTests/Info.plist;
				LD_RUNPATH_SEARCH_PATHS = (
					"$(inherited)",
					"@executable_path/Frameworks",
					"@loader_path/Frameworks",
				);
				PRODUCT_BUNDLE_IDENTIFIER = com.example.simpleSendDataTests;
				PRODUCT_NAME = "$(TARGET_NAME)";
				SWIFT_VERSION = 4.0;
				TARGETED_DEVICE_FAMILY = "1,2";
				TEST_HOST = "$(BUILT_PRODUCTS_DIR)/simpleSendData.app/simpleSendData";
			};
			name = Debug;
		};
		34C5E55121A560DB00542035 /* Release */ = {
			isa = XCBuildConfiguration;
			buildSettings = {
				ALWAYS_EMBED_SWIFT_STANDARD_LIBRARIES = YES;
				BUNDLE_LOADER = "$(TEST_HOST)";
				CODE_SIGN_STYLE = Automatic;
				INFOPLIST_FILE = simpleSendDataTests/Info.plist;
				LD_RUNPATH_SEARCH_PATHS = (
					"$(inherited)",
					"@executable_path/Frameworks",
					"@loader_path/Frameworks",
				);
				PRODUCT_BUNDLE_IDENTIFIER = com.example.simpleSendDataTests;
				PRODUCT_NAME = "$(TARGET_NAME)";
				SWIFT_VERSION = 4.0;
				TARGETED_DEVICE_FAMILY = "1,2";
				TEST_HOST = "$(BUILT_PRODUCTS_DIR)/simpleSendData.app/simpleSendData";
			};
			name = Release;
		};
/* End XCBuildConfiguration section */

/* Begin XCConfigurationList section */
		34C5E52721A560D600542035 /* Build configuration list for PBXProject "simpleSendData" */ = {
			isa = XCConfigurationList;
			buildConfigurations = (
				34C5E54A21A560DB00542035 /* Debug */,
				34C5E54B21A560DB00542035 /* Release */,
			);
			defaultConfigurationIsVisible = 0;
			defaultConfigurationName = Release;
		};
		34C5E54C21A560DB00542035 /* Build configuration list for PBXNativeTarget "simpleSendData" */ = {
			isa = XCConfigurationList;
			buildConfigurations = (
				34C5E54D21A560DB00542035 /* Debug */,
				34C5E54E21A560DB00542035 /* Release */,
			);
			defaultConfigurationIsVisible = 0;
			defaultConfigurationName = Release;
		};
		34C5E54F21A560DB00542035 /* Build configuration list for PBXNativeTarget "simpleSendDataTests" */ = {
			isa = XCConfigurationList;
			buildConfigurations = (
				34C5E55021A560DB00542035 /* Debug */,
				34C5E55121A560DB00542035 /* Release */,
			);
			defaultConfigurationIsVisible = 0;
			defaultConfigurationName = Release;
		};
/* End XCConfigurationList section */

/* Begin XCVersionGroup section */
		34C5E53621A560D600542035 /* simpleSendData.xcdatamodeld */ = {
			isa = XCVersionGroup;
			children = (
				34C5E53721A560D600542035 /* simpleSendData.xcdatamodel */,
			);
			currentVersion = 34C5E53721A560D600542035 /* simpleSendData.xcdatamodel */;
			path = simpleSendData.xcdatamodeld;
			sourceTree = "<group>";
			versionGroupType = wrapper.xcdatamodel;
		};
/* End XCVersionGroup section */
	};
	rootObject = 34C5E52421A560D600542035 /* Project object */;
}
